// !$*UTF8*$!
{
	archiveVersion = 1;
	classes = {
	};
	objectVersion = 50;
	objects = {

/* Begin PBXBuildFile section */
		20FDE44F25AA4D8400C84EB3 /* AppDelegate.swift in Sources */ = {isa = PBXBuildFile; fileRef = 20FDE44E25AA4D8400C84EB3 /* AppDelegate.swift */; };
		20FDE45125AA4D8400C84EB3 /* SceneDelegate.swift in Sources */ = {isa = PBXBuildFile; fileRef = 20FDE45025AA4D8400C84EB3 /* SceneDelegate.swift */; };
		20FDE45325AA4D8400C84EB3 /* ViewController.swift in Sources */ = {isa = PBXBuildFile; fileRef = 20FDE45225AA4D8400C84EB3 /* ViewController.swift */; };
		20FDE45625AA4D8400C84EB3 /* Main.storyboard in Resources */ = {isa = PBXBuildFile; fileRef = 20FDE45425AA4D8400C84EB3 /* Main.storyboard */; };
		20FDE45825AA4D8500C84EB3 /* Assets.xcassets in Resources */ = {isa = PBXBuildFile; fileRef = 20FDE45725AA4D8500C84EB3 /* Assets.xcassets */; };
		20FDE45B25AA4D8500C84EB3 /* LaunchScreen.storyboard in Resources */ = {isa = PBXBuildFile; fileRef = 20FDE45925AA4D8500C84EB3 /* LaunchScreen.storyboard */; };
		20FDE46625AA4D8500C84EB3 /* PreworkTests.swift in Sources */ = {isa = PBXBuildFile; fileRef = 20FDE46525AA4D8500C84EB3 /* PreworkTests.swift */; };
		20FDE47125AA4D8500C84EB3 /* PreworkUITests.swift in Sources */ = {isa = PBXBuildFile; fileRef = 20FDE47025AA4D8500C84EB3 /* PreworkUITests.swift */; };
/* End PBXBuildFile section */

/* Begin PBXContainerItemProxy section */
		20FDE46225AA4D8500C84EB3 /* PBXContainerItemProxy */ = {
			isa = PBXContainerItemProxy;
			containerPortal = 20FDE44325AA4D8400C84EB3 /* Project object */;
			proxyType = 1;
			remoteGlobalIDString = 20FDE44A25AA4D8400C84EB3;
			remoteInfo = Prework;
		};
		20FDE46D25AA4D8500C84EB3 /* PBXContainerItemProxy */ = {
			isa = PBXContainerItemProxy;
			containerPortal = 20FDE44325AA4D8400C84EB3 /* Project object */;
			proxyType = 1;
			remoteGlobalIDString = 20FDE44A25AA4D8400C84EB3;
			remoteInfo = Prework;
		};
/* End PBXContainerItemProxy section */

/* Begin PBXFileReference section */
		20FDE44B25AA4D8400C84EB3 /* Prework.app */ = {isa = PBXFileReference; explicitFileType = wrapper.application; includeInIndex = 0; path = Prework.app; sourceTree = BUILT_PRODUCTS_DIR; };
		20FDE44E25AA4D8400C84EB3 /* AppDelegate.swift */ = {isa = PBXFileReference; lastKnownFileType = sourcecode.swift; path = AppDelegate.swift; sourceTree = "<group>"; };
		20FDE45025AA4D8400C84EB3 /* SceneDelegate.swift */ = {isa = PBXFileReference; lastKnownFileType = sourcecode.swift; path = SceneDelegate.swift; sourceTree = "<group>"; };
		20FDE45225AA4D8400C84EB3 /* ViewController.swift */ = {isa = PBXFileReference; lastKnownFileType = sourcecode.swift; path = ViewController.swift; sourceTree = "<group>"; };
		20FDE45525AA4D8400C84EB3 /* Base */ = {isa = PBXFileReference; lastKnownFileType = file.storyboard; name = Base; path = Base.lproj/Main.storyboard; sourceTree = "<group>"; };
		20FDE45725AA4D8500C84EB3 /* Assets.xcassets */ = {isa = PBXFileReference; lastKnownFileType = folder.assetcatalog; path = Assets.xcassets; sourceTree = "<group>"; };
		20FDE45A25AA4D8500C84EB3 /* Base */ = {isa = PBXFileReference; lastKnownFileType = file.storyboard; name = Base; path = Base.lproj/LaunchScreen.storyboard; sourceTree = "<group>"; };
		20FDE45C25AA4D8500C84EB3 /* Info.plist */ = {isa = PBXFileReference; lastKnownFileType = text.plist.xml; path = Info.plist; sourceTree = "<group>"; };
		20FDE46125AA4D8500C84EB3 /* PreworkTests.xctest */ = {isa = PBXFileReference; explicitFileType = wrapper.cfbundle; includeInIndex = 0; path = PreworkTests.xctest; sourceTree = BUILT_PRODUCTS_DIR; };
		20FDE46525AA4D8500C84EB3 /* PreworkTests.swift */ = {isa = PBXFileReference; lastKnownFileType = sourcecode.swift; path = PreworkTests.swift; sourceTree = "<group>"; };
		20FDE46725AA4D8500C84EB3 /* Info.plist */ = {isa = PBXFileReference; lastKnownFileType = text.plist.xml; path = Info.plist; sourceTree = "<group>"; };
		20FDE46C25AA4D8500C84EB3 /* PreworkUITests.xctest */ = {isa = PBXFileReference; explicitFileType = wrapper.cfbundle; includeInIndex = 0; path = PreworkUITests.xctest; sourceTree = BUILT_PRODUCTS_DIR; };
		20FDE47025AA4D8500C84EB3 /* PreworkUITests.swift */ = {isa = PBXFileReference; lastKnownFileType = sourcecode.swift; path = PreworkUITests.swift; sourceTree = "<group>"; };
		20FDE47225AA4D8500C84EB3 /* Info.plist */ = {isa = PBXFileReference; lastKnownFileType = text.plist.xml; path = Info.plist; sourceTree = "<group>"; };
/* End PBXFileReference section */

/* Begin PBXFrameworksBuildPhase section */
		20FDE44825AA4D8400C84EB3 /* Frameworks */ = {
			isa = PBXFrameworksBuildPhase;
			buildActionMask = 2147483647;
			files = (
			);
			runOnlyForDeploymentPostprocessing = 0;
		};
		20FDE45E25AA4D8500C84EB3 /* Frameworks */ = {
			isa = PBXFrameworksBuildPhase;
			buildActionMask = 2147483647;
			files = (
			);
			runOnlyForDeploymentPostprocessing = 0;
		};
		20FDE46925AA4D8500C84EB3 /* Frameworks */ = {
			isa = PBXFrameworksBuildPhase;
			buildActionMask = 2147483647;
			files = (
			);
			runOnlyForDeploymentPostprocessing = 0;
		};
/* End PBXFrameworksBuildPhase section */

/* Begin PBXGroup section */
		20FDE44225AA4D8400C84EB3 = {
			isa = PBXGroup;
			children = (
				20FDE44D25AA4D8400C84EB3 /* Prework */,
				20FDE46425AA4D8500C84EB3 /* PreworkTests */,
				20FDE46F25AA4D8500C84EB3 /* PreworkUITests */,
				20FDE44C25AA4D8400C84EB3 /* Products */,
			);
			sourceTree = "<group>";
		};
		20FDE44C25AA4D8400C84EB3 /* Products */ = {
			isa = PBXGroup;
			children = (
				20FDE44B25AA4D8400C84EB3 /* Prework.app */,
				20FDE46125AA4D8500C84EB3 /* PreworkTests.xctest */,
				20FDE46C25AA4D8500C84EB3 /* PreworkUITests.xctest */,
			);
			name = Products;
			sourceTree = "<group>";
		};
		20FDE44D25AA4D8400C84EB3 /* Prework */ = {
			isa = PBXGroup;
			children = (
				20FDE44E25AA4D8400C84EB3 /* AppDelegate.swift */,
				20FDE45025AA4D8400C84EB3 /* SceneDelegate.swift */,
				20FDE45225AA4D8400C84EB3 /* ViewController.swift */,
				20FDE45425AA4D8400C84EB3 /* Main.storyboard */,
				20FDE45725AA4D8500C84EB3 /* Assets.xcassets */,
				20FDE45925AA4D8500C84EB3 /* LaunchScreen.storyboard */,
				20FDE45C25AA4D8500C84EB3 /* Info.plist */,
			);
			path = Prework;
			sourceTree = "<group>";
		};
		20FDE46425AA4D8500C84EB3 /* PreworkTests */ = {
			isa = PBXGroup;
			children = (
				20FDE46525AA4D8500C84EB3 /* PreworkTests.swift */,
				20FDE46725AA4D8500C84EB3 /* Info.plist */,
			);
			path = PreworkTests;
			sourceTree = "<group>";
		};
		20FDE46F25AA4D8500C84EB3 /* PreworkUITests */ = {
			isa = PBXGroup;
			children = (
				20FDE47025AA4D8500C84EB3 /* PreworkUITests.swift */,
				20FDE47225AA4D8500C84EB3 /* Info.plist */,
			);
			path = PreworkUITests;
			sourceTree = "<group>";
		};
/* End PBXGroup section */

/* Begin PBXNativeTarget section */
		20FDE44A25AA4D8400C84EB3 /* Prework */ = {
			isa = PBXNativeTarget;
			buildConfigurationList = 20FDE47525AA4D8500C84EB3 /* Build configuration list for PBXNativeTarget "Prework" */;
			buildPhases = (
				20FDE44725AA4D8400C84EB3 /* Sources */,
				20FDE44825AA4D8400C84EB3 /* Frameworks */,
				20FDE44925AA4D8400C84EB3 /* Resources */,
			);
			buildRules = (
			);
			dependencies = (
			);
			name = Prework;
			productName = Prework;
			productReference = 20FDE44B25AA4D8400C84EB3 /* Prework.app */;
			productType = "com.apple.product-type.application";
		};
		20FDE46025AA4D8500C84EB3 /* PreworkTests */ = {
			isa = PBXNativeTarget;
			buildConfigurationList = 20FDE47825AA4D8500C84EB3 /* Build configuration list for PBXNativeTarget "PreworkTests" */;
			buildPhases = (
				20FDE45D25AA4D8500C84EB3 /* Sources */,
				20FDE45E25AA4D8500C84EB3 /* Frameworks */,
				20FDE45F25AA4D8500C84EB3 /* Resources */,
			);
			buildRules = (
			);
			dependencies = (
				20FDE46325AA4D8500C84EB3 /* PBXTargetDependency */,
			);
			name = PreworkTests;
			productName = PreworkTests;
			productReference = 20FDE46125AA4D8500C84EB3 /* PreworkTests.xctest */;
			productType = "com.apple.product-type.bundle.unit-test";
		};
		20FDE46B25AA4D8500C84EB3 /* PreworkUITests */ = {
			isa = PBXNativeTarget;
			buildConfigurationList = 20FDE47B25AA4D8500C84EB3 /* Build configuration list for PBXNativeTarget "PreworkUITests" */;
			buildPhases = (
				20FDE46825AA4D8500C84EB3 /* Sources */,
				20FDE46925AA4D8500C84EB3 /* Frameworks */,
				20FDE46A25AA4D8500C84EB3 /* Resources */,
			);
			buildRules = (
			);
			dependencies = (
				20FDE46E25AA4D8500C84EB3 /* PBXTargetDependency */,
			);
			name = PreworkUITests;
			productName = PreworkUITests;
			productReference = 20FDE46C25AA4D8500C84EB3 /* PreworkUITests.xctest */;
			productType = "com.apple.product-type.bundle.ui-testing";
		};
/* End PBXNativeTarget section */

/* Begin PBXProject section */
		20FDE44325AA4D8400C84EB3 /* Project object */ = {
			isa = PBXProject;
			attributes = {
				LastSwiftUpdateCheck = 1230;
				LastUpgradeCheck = 1230;
				TargetAttributes = {
					20FDE44A25AA4D8400C84EB3 = {
						CreatedOnToolsVersion = 12.3;
					};
					20FDE46025AA4D8500C84EB3 = {
						CreatedOnToolsVersion = 12.3;
						TestTargetID = 20FDE44A25AA4D8400C84EB3;
					};
					20FDE46B25AA4D8500C84EB3 = {
						CreatedOnToolsVersion = 12.3;
						TestTargetID = 20FDE44A25AA4D8400C84EB3;
					};
				};
			};
			buildConfigurationList = 20FDE44625AA4D8400C84EB3 /* Build configuration list for PBXProject "Prework" */;
			compatibilityVersion = "Xcode 9.3";
			developmentRegion = en;
			hasScannedForEncodings = 0;
			knownRegions = (
				en,
				Base,
			);
			mainGroup = 20FDE44225AA4D8400C84EB3;
			productRefGroup = 20FDE44C25AA4D8400C84EB3 /* Products */;
			projectDirPath = "";
			projectRoot = "";
			targets = (
				20FDE44A25AA4D8400C84EB3 /* Prework */,
				20FDE46025AA4D8500C84EB3 /* PreworkTests */,
				20FDE46B25AA4D8500C84EB3 /* PreworkUITests */,
			);
		};
/* End PBXProject section */

/* Begin PBXResourcesBuildPhase section */
		20FDE44925AA4D8400C84EB3 /* Resources */ = {
			isa = PBXResourcesBuildPhase;
			buildActionMask = 2147483647;
			files = (
				20FDE45B25AA4D8500C84EB3 /* LaunchScreen.storyboard in Resources */,
				20FDE45825AA4D8500C84EB3 /* Assets.xcassets in Resources */,
				20FDE45625AA4D8400C84EB3 /* Main.storyboard in Resources */,
			);
			runOnlyForDeploymentPostprocessing = 0;
		};
		20FDE45F25AA4D8500C84EB3 /* Resources */ = {
			isa = PBXResourcesBuildPhase;
			buildActionMask = 2147483647;
			files = (
			);
			runOnlyForDeploymentPostprocessing = 0;
		};
		20FDE46A25AA4D8500C84EB3 /* Resources */ = {
			isa = PBXResourcesBuildPhase;
			buildActionMask = 2147483647;
			files = (
			);
			runOnlyForDeploymentPostprocessing = 0;
		};
/* End PBXResourcesBuildPhase section */

/* Begin PBXSourcesBuildPhase section */
		20FDE44725AA4D8400C84EB3 /* Sources */ = {
			isa = PBXSourcesBuildPhase;
			buildActionMask = 2147483647;
			files = (
				20FDE45325AA4D8400C84EB3 /* ViewController.swift in Sources */,
				20FDE44F25AA4D8400C84EB3 /* AppDelegate.swift in Sources */,
				20FDE45125AA4D8400C84EB3 /* SceneDelegate.swift in Sources */,
			);
			runOnlyForDeploymentPostprocessing = 0;
		};
		20FDE45D25AA4D8500C84EB3 /* Sources */ = {
			isa = PBXSourcesBuildPhase;
			buildActionMask = 2147483647;
			files = (
				20FDE46625AA4D8500C84EB3 /* PreworkTests.swift in Sources */,
			);
			runOnlyForDeploymentPostprocessing = 0;
		};
		20FDE46825AA4D8500C84EB3 /* Sources */ = {
			isa = PBXSourcesBuildPhase;
			buildActionMask = 2147483647;
			files = (
				20FDE47125AA4D8500C84EB3 /* PreworkUITests.swift in Sources */,
			);
			runOnlyForDeploymentPostprocessing = 0;
		};
/* End PBXSourcesBuildPhase section */

/* Begin PBXTargetDependency section */
		20FDE46325AA4D8500C84EB3 /* PBXTargetDependency */ = {
			isa = PBXTargetDependency;
			target = 20FDE44A25AA4D8400C84EB3 /* Prework */;
			targetProxy = 20FDE46225AA4D8500C84EB3 /* PBXContainerItemProxy */;
		};
		20FDE46E25AA4D8500C84EB3 /* PBXTargetDependency */ = {
			isa = PBXTargetDependency;
			target = 20FDE44A25AA4D8400C84EB3 /* Prework */;
			targetProxy = 20FDE46D25AA4D8500C84EB3 /* PBXContainerItemProxy */;
		};
/* End PBXTargetDependency section */

/* Begin PBXVariantGroup section */
		20FDE45425AA4D8400C84EB3 /* Main.storyboard */ = {
			isa = PBXVariantGroup;
			children = (
				20FDE45525AA4D8400C84EB3 /* Base */,
			);
			name = Main.storyboard;
			sourceTree = "<group>";
		};
		20FDE45925AA4D8500C84EB3 /* LaunchScreen.storyboard */ = {
			isa = PBXVariantGroup;
			children = (
				20FDE45A25AA4D8500C84EB3 /* Base */,
			);
			name = LaunchScreen.storyboard;
			sourceTree = "<group>";
		};
/* End PBXVariantGroup section */

/* Begin XCBuildConfiguration section */
		20FDE47325AA4D8500C84EB3 /* Debug */ = {
			isa = XCBuildConfiguration;
			buildSettings = {
				ALWAYS_SEARCH_USER_PATHS = NO;
				CLANG_ANALYZER_NONNULL = YES;
				CLANG_ANALYZER_NUMBER_OBJECT_CONVERSION = YES_AGGRESSIVE;
				CLANG_CXX_LANGUAGE_STANDARD = "gnu++14";
				CLANG_CXX_LIBRARY = "libc++";
				CLANG_ENABLE_MODULES = YES;
				CLANG_ENABLE_OBJC_ARC = YES;
				CLANG_ENABLE_OBJC_WEAK = YES;
				CLANG_WARN_BLOCK_CAPTURE_AUTORELEASING = YES;
				CLANG_WARN_BOOL_CONVERSION = YES;
				CLANG_WARN_COMMA = YES;
				CLANG_WARN_CONSTANT_CONVERSION = YES;
				CLANG_WARN_DEPRECATED_OBJC_IMPLEMENTATIONS = YES;
				CLANG_WARN_DIRECT_OBJC_ISA_USAGE = YES_ERROR;
				CLANG_WARN_DOCUMENTATION_COMMENTS = YES;
				CLANG_WARN_EMPTY_BODY = YES;
				CLANG_WARN_ENUM_CONVERSION = YES;
				CLANG_WARN_INFINITE_RECURSION = YES;
				CLANG_WARN_INT_CONVERSION = YES;
				CLANG_WARN_NON_LITERAL_NULL_CONVERSION = YES;
				CLANG_WARN_OBJC_IMPLICIT_RETAIN_SELF = YES;
				CLANG_WARN_OBJC_LITERAL_CONVERSION = YES;
				CLANG_WARN_OBJC_ROOT_CLASS = YES_ERROR;
				CLANG_WARN_QUOTED_INCLUDE_IN_FRAMEWORK_HEADER = YES;
				CLANG_WARN_RANGE_LOOP_ANALYSIS = YES;
				CLANG_WARN_STRICT_PROTOTYPES = YES;
				CLANG_WARN_SUSPICIOUS_MOVE = YES;
				CLANG_WARN_UNGUARDED_AVAILABILITY = YES_AGGRESSIVE;
				CLANG_WARN_UNREACHABLE_CODE = YES;
				CLANG_WARN__DUPLICATE_METHOD_MATCH = YES;
				COPY_PHASE_STRIP = NO;
				DEBUG_INFORMATION_FORMAT = dwarf;
				ENABLE_STRICT_OBJC_MSGSEND = YES;
				ENABLE_TESTABILITY = YES;
				GCC_C_LANGUAGE_STANDARD = gnu11;
				GCC_DYNAMIC_NO_PIC = NO;
				GCC_NO_COMMON_BLOCKS = YES;
				GCC_OPTIMIZATION_LEVEL = 0;
				GCC_PREPROCESSOR_DEFINITIONS = (
					"DEBUG=1",
					"$(inherited)",
				);
				GCC_WARN_64_TO_32_BIT_CONVERSION = YES;
				GCC_WARN_ABOUT_RETURN_TYPE = YES_ERROR;
				GCC_WARN_UNDECLARED_SELECTOR = YES;
				GCC_WARN_UNINITIALIZED_AUTOS = YES_AGGRESSIVE;
				GCC_WARN_UNUSED_FUNCTION = YES;
				GCC_WARN_UNUSED_VARIABLE = YES;
				IPHONEOS_DEPLOYMENT_TARGET = 14.3;
				MTL_ENABLE_DEBUG_INFO = INCLUDE_SOURCE;
				MTL_FAST_MATH = YES;
				ONLY_ACTIVE_ARCH = YES;
				SDKROOT = iphoneos;
				SWIFT_ACTIVE_COMPILATION_CONDITIONS = DEBUG;
				SWIFT_OPTIMIZATION_LEVEL = "-Onone";
			};
			name = Debug;
		};
		20FDE47425AA4D8500C84EB3 /* Release */ = {
			isa = XCBuildConfiguration;
			buildSettings = {
				ALWAYS_SEARCH_USER_PATHS = NO;
				CLANG_ANALYZER_NONNULL = YES;
				CLANG_ANALYZER_NUMBER_OBJECT_CONVERSION = YES_AGGRESSIVE;
				CLANG_CXX_LANGUAGE_STANDARD = "gnu++14";
				CLANG_CXX_LIBRARY = "libc++";
				CLANG_ENABLE_MODULES = YES;
				CLANG_ENABLE_OBJC_ARC = YES;
				CLANG_ENABLE_OBJC_WEAK = YES;
				CLANG_WARN_BLOCK_CAPTURE_AUTORELEASING = YES;
				CLANG_WARN_BOOL_CONVERSION = YES;
				CLANG_WARN_COMMA = YES;
				CLANG_WARN_CONSTANT_CONVERSION = YES;
				CLANG_WARN_DEPRECATED_OBJC_IMPLEMENTATIONS = YES;
				CLANG_WARN_DIRECT_OBJC_ISA_USAGE = YES_ERROR;
				CLANG_WARN_DOCUMENTATION_COMMENTS = YES;
				CLANG_WARN_EMPTY_BODY = YES;
				CLANG_WARN_ENUM_CONVERSION = YES;
				CLANG_WARN_INFINITE_RECURSION = YES;
				CLANG_WARN_INT_CONVERSION = YES;
				CLANG_WARN_NON_LITERAL_NULL_CONVERSION = YES;
				CLANG_WARN_OBJC_IMPLICIT_RETAIN_SELF = YES;
				CLANG_WARN_OBJC_LITERAL_CONVERSION = YES;
				CLANG_WARN_OBJC_ROOT_CLASS = YES_ERROR;
				CLANG_WARN_QUOTED_INCLUDE_IN_FRAMEWORK_HEADER = YES;
				CLANG_WARN_RANGE_LOOP_ANALYSIS = YES;
				CLANG_WARN_STRICT_PROTOTYPES = YES;
				CLANG_WARN_SUSPICIOUS_MOVE = YES;
				CLANG_WARN_UNGUARDED_AVAILABILITY = YES_AGGRESSIVE;
				CLANG_WARN_UNREACHABLE_CODE = YES;
				CLANG_WARN__DUPLICATE_METHOD_MATCH = YES;
				COPY_PHASE_STRIP = NO;
				DEBUG_INFORMATION_FORMAT = "dwarf-with-dsym";
				ENABLE_NS_ASSERTIONS = NO;
				ENABLE_STRICT_OBJC_MSGSEND = YES;
				GCC_C_LANGUAGE_STANDARD = gnu11;
				GCC_NO_COMMON_BLOCKS = YES;
				GCC_WARN_64_TO_32_BIT_CONVERSION = YES;
				GCC_WARN_ABOUT_RETURN_TYPE = YES_ERROR;
				GCC_WARN_UNDECLARED_SELECTOR = YES;
				GCC_WARN_UNINITIALIZED_AUTOS = YES_AGGRESSIVE;
				GCC_WARN_UNUSED_FUNCTION = YES;
				GCC_WARN_UNUSED_VARIABLE = YES;
				IPHONEOS_DEPLOYMENT_TARGET = 14.3;
				MTL_ENABLE_DEBUG_INFO = NO;
				MTL_FAST_MATH = YES;
				SDKROOT = iphoneos;
				SWIFT_COMPILATION_MODE = wholemodule;
				SWIFT_OPTIMIZATION_LEVEL = "-O";
				VALIDATE_PRODUCT = YES;
			};
			name = Release;
		};
		20FDE47625AA4D8500C84EB3 /* Debug */ = {
			isa = XCBuildConfiguration;
			buildSettings = {
				ASSETCATALOG_COMPILER_APPICON_NAME = AppIcon;
				ASSETCATALOG_COMPILER_GLOBAL_ACCENT_COLOR_NAME = AccentColor;
				CODE_SIGN_STYLE = Automatic;
				DEVELOPMENT_TEAM = 574355JH3A;
				INFOPLIST_FILE = Prework/Info.plist;
				LD_RUNPATH_SEARCH_PATHS = (
					"$(inherited)",
					"@executable_path/Frameworks",
				);
				PRODUCT_BUNDLE_IDENTIFIER = com.FrankGuglielmo.Prework;
				PRODUCT_NAME = "$(TARGET_NAME)";
				SWIFT_VERSION = 5.0;
				TARGETED_DEVICE_FAMILY = "1,2";
			};
			name = Debug;
		};
		20FDE47725AA4D8500C84EB3 /* Release */ = {
			isa = XCBuildConfiguration;
			buildSettings = {
				ASSETCATALOG_COMPILER_APPICON_NAME = AppIcon;
				ASSETCATALOG_COMPILER_GLOBAL_ACCENT_COLOR_NAME = AccentColor;
				CODE_SIGN_STYLE = Automatic;
				DEVELOPMENT_TEAM = 574355JH3A;
				INFOPLIST_FILE = Prework/Info.plist;
				LD_RUNPATH_SEARCH_PATHS = (
					"$(inherited)",
					"@executable_path/Frameworks",
				);
				PRODUCT_BUNDLE_IDENTIFIER = com.FrankGuglielmo.Prework;
				PRODUCT_NAME = "$(TARGET_NAME)";
				SWIFT_VERSION = 5.0;
				TARGETED_DEVICE_FAMILY = "1,2";
			};
			name = Release;
		};
		20FDE47925AA4D8500C84EB3 /* Debug */ = {
			isa = XCBuildConfiguration;
			buildSettings = {
				ALWAYS_EMBED_SWIFT_STANDARD_LIBRARIES = YES;
				BUNDLE_LOADER = "$(TEST_HOST)";
				CODE_SIGN_STYLE = Automatic;
				DEVELOPMENT_TEAM = 574355JH3A;
				INFOPLIST_FILE = PreworkTests/Info.plist;
				IPHONEOS_DEPLOYMENT_TARGET = 14.3;
				LD_RUNPATH_SEARCH_PATHS = (
					"$(inherited)",
					"@executable_path/Frameworks",
					"@loader_path/Frameworks",
				);
				PRODUCT_BUNDLE_IDENTIFIER = com.FrankGuglielmo.PreworkTests;
				PRODUCT_NAME = "$(TARGET_NAME)";
				SWIFT_VERSION = 5.0;
				TARGETED_DEVICE_FAMILY = "1,2";
				TEST_HOST = "$(BUILT_PRODUCTS_DIR)/Prework.app/Prework";
			};
			name = Debug;
		};
		20FDE47A25AA4D8500C84EB3 /* Release */ = {
			isa = XCBuildConfiguration;
			buildSettings = {
				ALWAYS_EMBED_SWIFT_STANDARD_LIBRARIES = YES;
				BUNDLE_LOADER = "$(TEST_HOST)";
				CODE_SIGN_STYLE = Automatic;
				DEVELOPMENT_TEAM = 574355JH3A;
				INFOPLIST_FILE = PreworkTests/Info.plist;
				IPHONEOS_DEPLOYMENT_TARGET = 14.3;
				LD_RUNPATH_SEARCH_PATHS = (
					"$(inherited)",
					"@executable_path/Frameworks",
					"@loader_path/Frameworks",
				);
				PRODUCT_BUNDLE_IDENTIFIER = com.FrankGuglielmo.PreworkTests;
				PRODUCT_NAME = "$(TARGET_NAME)";
				SWIFT_VERSION = 5.0;
				TARGETED_DEVICE_FAMILY = "1,2";
				TEST_HOST = "$(BUILT_PRODUCTS_DIR)/Prework.app/Prework";
			};
			name = Release;
		};
		20FDE47C25AA4D8500C84EB3 /* Debug */ = {
			isa = XCBuildConfiguration;
			buildSettings = {
				ALWAYS_EMBED_SWIFT_STANDARD_LIBRARIES = YES;
				CODE_SIGN_STYLE = Automatic;
				DEVELOPMENT_TEAM = 574355JH3A;
				INFOPLIST_FILE = PreworkUITests/Info.plist;
				LD_RUNPATH_SEARCH_PATHS = (
					"$(inherited)",
					"@executable_path/Frameworks",
					"@loader_path/Frameworks",
				);
				PRODUCT_BUNDLE_IDENTIFIER = com.FrankGuglielmo.PreworkUITests;
				PRODUCT_NAME = "$(TARGET_NAME)";
				SWIFT_VERSION = 5.0;
				TARGETED_DEVICE_FAMILY = "1,2";
				TEST_TARGET_NAME = Prework;
			};
			name = Debug;
		};
		20FDE47D25AA4D8500C84EB3 /* Release */ = {
			isa = XCBuildConfiguration;
			buildSettings = {
				ALWAYS_EMBED_SWIFT_STANDARD_LIBRARIES = YES;
				CODE_SIGN_STYLE = Automatic;
				DEVELOPMENT_TEAM = 574355JH3A;
				INFOPLIST_FILE = PreworkUITests/Info.plist;
				LD_RUNPATH_SEARCH_PATHS = (
					"$(inherited)",
					"@executable_path/Frameworks",
					"@loader_path/Frameworks",
				);
				PRODUCT_BUNDLE_IDENTIFIER = com.FrankGuglielmo.PreworkUITests;
				PRODUCT_NAME = "$(TARGET_NAME)";
				SWIFT_VERSION = 5.0;
				TARGETED_DEVICE_FAMILY = "1,2";
				TEST_TARGET_NAME = Prework;
			};
			name = Release;
		};
/* End XCBuildConfiguration section */

/* Begin XCConfigurationList section */
		20FDE44625AA4D8400C84EB3 /* Build configuration list for PBXProject "Prework" */ = {
			isa = XCConfigurationList;
			buildConfigurations = (
				20FDE47325AA4D8500C84EB3 /* Debug */,
				20FDE47425AA4D8500C84EB3 /* Release */,
			);
			defaultConfigurationIsVisible = 0;
			defaultConfigurationName = Release;
		};
		20FDE47525AA4D8500C84EB3 /* Build configuration list for PBXNativeTarget "Prework" */ = {
			isa = XCConfigurationList;
			buildConfigurations = (
				20FDE47625AA4D8500C84EB3 /* Debug */,
				20FDE47725AA4D8500C84EB3 /* Release */,
			);
			defaultConfigurationIsVisible = 0;
			defaultConfigurationName = Release;
		};
		20FDE47825AA4D8500C84EB3 /* Build configuration list for PBXNativeTarget "PreworkTests" */ = {
			isa = XCConfigurationList;
			buildConfigurations = (
				20FDE47925AA4D8500C84EB3 /* Debug */,
				20FDE47A25AA4D8500C84EB3 /* Release */,
			);
			defaultConfigurationIsVisible = 0;
			defaultConfigurationName = Release;
		};
		20FDE47B25AA4D8500C84EB3 /* Build configuration list for PBXNativeTarget "PreworkUITests" */ = {
			isa = XCConfigurationList;
			buildConfigurations = (
				20FDE47C25AA4D8500C84EB3 /* Debug */,
				20FDE47D25AA4D8500C84EB3 /* Release */,
			);
			defaultConfigurationIsVisible = 0;
			defaultConfigurationName = Release;
		};
/* End XCConfigurationList section */
	};
	rootObject = 20FDE44325AA4D8400C84EB3 /* Project object */;
}
